
Microsoft Visual Studio Solution File, Format Version 12.00
# Visual Studio Version 17
VisualStudioVersion = 17.8.34525.116
MinimumVisualStudioVersion = 10.0.40219.1
Project("{9A19103F-16F7-4668-BE54-9A1E7A4F7556}") = "StorageAPI", "StorageAPI\StorageAPI.csproj", "{B4F09E47-28B8-4BA8-A195-570C4EA39AF5}"
EndProject
Project("{FAE04EC0-301F-11D3-BF4B-00C04F79EFBC}") = "StorageAPI.Tests", "StorageAPI.Tests\StorageAPI.Tests.csproj", "{C62B0AD2-D9F5-4D00-9F81-4F533A388474}"
EndProject
Global
	GlobalSection(SolutionConfigurationPlatforms) = preSolution
		Debug|Any CPU = Debug|Any CPU
		Release|Any CPU = Release|Any CPU
	EndGlobalSection
	GlobalSection(ProjectConfigurationPlatforms) = postSolution
		{B4F09E47-28B8-4BA8-A195-570C4EA39AF5}.Debug|Any CPU.ActiveCfg = Debug|Any CPU
		{B4F09E47-28B8-4BA8-A195-570C4EA39AF5}.Debug|Any CPU.Build.0 = Debug|Any CPU
		{B4F09E47-28B8-4BA8-A195-570C4EA39AF5}.Release|Any CPU.ActiveCfg = Release|Any CPU
		{B4F09E47-28B8-4BA8-A195-570C4EA39AF5}.Release|Any CPU.Build.0 = Release|Any CPU
		{C62B0AD2-D9F5-4D00-9F81-4F533A388474}.Debug|Any CPU.ActiveCfg = Debug|Any CPU
		{C62B0AD2-D9F5-4D00-9F81-4F533A388474}.Debug|Any CPU.Build.0 = Debug|Any CPU
		{C62B0AD2-D9F5-4D00-9F81-4F533A388474}.Release|Any CPU.ActiveCfg = Release|Any CPU
		{C62B0AD2-D9F5-4D00-9F81-4F533A388474}.Release|Any CPU.Build.0 = Release|Any CPU
	EndGlobalSection
	GlobalSection(SolutionProperties) = preSolution
		HideSolutionNode = FALSE
	EndGlobalSection
	GlobalSection(ExtensibilityGlobals) = postSolution
		SolutionGuid = {F169FDDC-D77E-4F7B-88D9-1E84C2747CFB}
	EndGlobalSection
EndGlobal
